github.com/spf13/pflag v1.0.5 h1:iy+VFUOCP1a+8yFto/drg2CJ5u0yRoB7fZw3DKv/JXA=
github.com/spf13/pflag v1.0.5/go.mod h1:McXfInJRrz4CZXVZOBLb0bTZqETkiAhM9Iw0y3An2Bg=
github.com/voxelbrain/goptions v0.0.0-20180630082107-58cddc247ea2 h1:txplJASvd6b/hrE0s/Ixfpp2cuwH9IO9oZBAN9iYa4A=
github.com/voxelbrain/goptions v0.0.0-20180630082107-58cddc247ea2/go.mod h1:DGCIhurYgnLz8J9ga1fMV/fbLDyUvTyrWXVWUIyJon4=
github.com/yarbelk/slimbox v0.0.0-20160219062232-acbcf00017d9 h1:JsingUWGwDl1/dftmojtJ3I3r2V+SBYa5TybgOfgO7A=
github.com/yarbelk/slimbox v0.0.0-20160219062232-acbcf00017d9/go.mod h1:q0jw/31wjGt9ezCFxJzlhRqFotAdBoeFJ4iKvNRKPe4=
